
Microsoft Visual Studio Solution File, Format Version 12.00
# Visual Studio Version 17
VisualStudioVersion = 17.4.33213.308
MinimumVisualStudioVersion = 10.0.40219.1
Project("{2150E333-8FDC-42A3-9474-1A3956D46DE8}") = "Services", "Services", "{71EEC43A-3296-4A7B-9E5A-711BDB7B3DCF}"
EndProject
Project("{2150E333-8FDC-42A3-9474-1A3956D46DE8}") = "Catalog", "Catalog", "{5D6BC9F1-A566-451A-84B5-D300CE6EF966}"
EndProject
Project("{9A19103F-16F7-4668-BE54-9A1E7A4F7556}") = "ProductSale.Service.Catalog", "Services\Catalog\ProductSale.Service.Catalog\ProductSale.Service.Catalog.csproj", "{57E46F07-CFB7-4301-AE0D-655043E90D35}"
EndProject
Project("{2150E333-8FDC-42A3-9474-1A3956D46DE8}") = "Shared", "Shared", "{48914AD2-3CB5-4E30-94DB-0F8FC7E02D18}"
EndProject
Project("{2150E333-8FDC-42A3-9474-1A3956D46DE8}") = "IdentityServer", "IdentityServer", "{625C08B0-3271-46C1-98B2-A673BCB23D7A}"
EndProject
Project("{9A19103F-16F7-4668-BE54-9A1E7A4F7556}") = "ProductSale.IdentityServer", "IdentityServer\ProductSale.IdentityServer\ProductSale.IdentityServer.csproj", "{966D8AA9-9585-4A2A-BA01-67D17172385B}"
EndProject
Project("{2150E333-8FDC-42A3-9474-1A3956D46DE8}") = "Photo", "Photo", "{BE488269-8507-4B95-98A4-BC9B0A4783CD}"
EndProject
Project("{9A19103F-16F7-4668-BE54-9A1E7A4F7556}") = "ProductSale.Service.Photo", "Services\Photo\ProductSale.Service.Photo\ProductSale.Service.Photo.csproj", "{961C4B24-4462-43CD-B57D-DB9831F12825}"
EndProject
Project("{2150E333-8FDC-42A3-9474-1A3956D46DE8}") = "Basket", "Basket", "{DB90D650-34D0-42E6-B93C-35633DA05D0B}"
EndProject
Project("{9A19103F-16F7-4668-BE54-9A1E7A4F7556}") = "ProductSale.Service.Basket", "Services\Basket\ProductSale.Service.Basket\ProductSale.Service.Basket.csproj", "{5C6218B1-EB33-4ECE-84E2-34B4476780C8}"
EndProject
Project("{2150E333-8FDC-42A3-9474-1A3956D46DE8}") = "Discount", "Discount", "{F26AA137-3DC7-41F0-A475-DBE5C625E573}"
EndProject
Project("{9A19103F-16F7-4668-BE54-9A1E7A4F7556}") = "ProductSale.Service.Discount", "Services\Discount\ProductSale.Service.Discount\ProductSale.Service.Discount.csproj", "{540A38AD-EB8A-48C7-AB18-DD01D898A805}"
EndProject
Project("{9A19103F-16F7-4668-BE54-9A1E7A4F7556}") = "ProductSale.Shared", "Shared\ProductSale.Shared\ProductSale.Shared.csproj", "{56AA866F-4A2D-4DC4-9783-20E7B25522D7}"
EndProject
Project("{2150E333-8FDC-42A3-9474-1A3956D46DE8}") = "Order", "Order", "{DD4BA519-644A-4B5E-89A8-2C6BB78C7CC1}"
EndProject
Project("{9A19103F-16F7-4668-BE54-9A1E7A4F7556}") = "ProductSale.Services.Order.API", "Services\Order\ProductSale.Services.Order.API\ProductSale.Services.Order.API.csproj", "{DB5AB272-D0AD-4189-9227-205AE28BD9B0}"
EndProject
Project("{9A19103F-16F7-4668-BE54-9A1E7A4F7556}") = "ProductSale.Services.Order.BL", "Services\Order\ProductSale.Services.Order.BL\ProductSale.Services.Order.BL.csproj", "{BF77CFCC-A9EE-4145-B5A2-890BA9408BE4}"
EndProject
Project("{9A19103F-16F7-4668-BE54-9A1E7A4F7556}") = "ProductSale.Services.Order.DAL", "Services\Order\ProductSale.Services.Order.DAL\ProductSale.Services.Order.DAL.csproj", "{D3DE340F-AFD6-4E81-A2FF-2B6EC0E947DF}"
EndProject
Project("{9A19103F-16F7-4668-BE54-9A1E7A4F7556}") = "ProductSale.Services.Order.Core", "Services\Order\ProductSale.Services.Order.Core\ProductSale.Services.Order.Core.csproj", "{94FF3A61-9BDC-424C-AEB5-37218F122280}"
EndProject
Project("{2150E333-8FDC-42A3-9474-1A3956D46DE8}") = "FakePayment", "FakePayment", "{62A19C97-8C38-46A2-A1A1-72A6EC8D14DF}"
EndProject
Project("{9A19103F-16F7-4668-BE54-9A1E7A4F7556}") = "ProductSale.Service.FakePayment", "Services\FakePayment\ProductSale.Service.FakePayment\ProductSale.Service.FakePayment.csproj", "{02AF4C80-6B19-42ED-A1BF-BC3C8B5F5B45}"
EndProject
Project("{2150E333-8FDC-42A3-9474-1A3956D46DE8}") = "Gateway", "Gateway", "{9238A56E-5E20-47D5-B0BF-6CC468E1047F}"
EndProject
Project("{9A19103F-16F7-4668-BE54-9A1E7A4F7556}") = "ProductSale.Gateway", "Gateway\ProductSale.Gateway\ProductSale.Gateway.csproj", "{E0D893BD-FC3E-4B85-84E5-7F0EEA28C797}"
EndProject
Project("{2150E333-8FDC-42A3-9474-1A3956D46DE8}") = "Clients", "Clients", "{287155D3-2868-43AF-B257-6322E61774E1}"
EndProject
Project("{FAE04EC0-301F-11D3-BF4B-00C04F79EFBC}") = "ProductSale.Web", "Clients\ProductSale.Web\ProductSale.Web.csproj", "{0792ED13-5EC2-4A46-A9CA-29952515358E}"
EndProject
Global
	GlobalSection(SolutionConfigurationPlatforms) = preSolution
		Debug|Any CPU = Debug|Any CPU
		Release|Any CPU = Release|Any CPU
	EndGlobalSection
	GlobalSection(ProjectConfigurationPlatforms) = postSolution
		{57E46F07-CFB7-4301-AE0D-655043E90D35}.Debug|Any CPU.ActiveCfg = Debug|Any CPU
		{57E46F07-CFB7-4301-AE0D-655043E90D35}.Debug|Any CPU.Build.0 = Debug|Any CPU
		{57E46F07-CFB7-4301-AE0D-655043E90D35}.Release|Any CPU.ActiveCfg = Release|Any CPU
		{57E46F07-CFB7-4301-AE0D-655043E90D35}.Release|Any CPU.Build.0 = Release|Any CPU
		{966D8AA9-9585-4A2A-BA01-67D17172385B}.Debug|Any CPU.ActiveCfg = Debug|Any CPU
		{966D8AA9-9585-4A2A-BA01-67D17172385B}.Debug|Any CPU.Build.0 = Debug|Any CPU
		{966D8AA9-9585-4A2A-BA01-67D17172385B}.Release|Any CPU.ActiveCfg = Release|Any CPU
		{966D8AA9-9585-4A2A-BA01-67D17172385B}.Release|Any CPU.Build.0 = Release|Any CPU
		{961C4B24-4462-43CD-B57D-DB9831F12825}.Debug|Any CPU.ActiveCfg = Debug|Any CPU
		{961C4B24-4462-43CD-B57D-DB9831F12825}.Debug|Any CPU.Build.0 = Debug|Any CPU
		{961C4B24-4462-43CD-B57D-DB9831F12825}.Release|Any CPU.ActiveCfg = Release|Any CPU
		{961C4B24-4462-43CD-B57D-DB9831F12825}.Release|Any CPU.Build.0 = Release|Any CPU
		{5C6218B1-EB33-4ECE-84E2-34B4476780C8}.Debug|Any CPU.ActiveCfg = Debug|Any CPU
		{5C6218B1-EB33-4ECE-84E2-34B4476780C8}.Debug|Any CPU.Build.0 = Debug|Any CPU
		{5C6218B1-EB33-4ECE-84E2-34B4476780C8}.Release|Any CPU.ActiveCfg = Release|Any CPU
		{5C6218B1-EB33-4ECE-84E2-34B4476780C8}.Release|Any CPU.Build.0 = Release|Any CPU
		{540A38AD-EB8A-48C7-AB18-DD01D898A805}.Debug|Any CPU.ActiveCfg = Debug|Any CPU
		{540A38AD-EB8A-48C7-AB18-DD01D898A805}.Debug|Any CPU.Build.0 = Debug|Any CPU
		{540A38AD-EB8A-48C7-AB18-DD01D898A805}.Release|Any CPU.ActiveCfg = Release|Any CPU
		{540A38AD-EB8A-48C7-AB18-DD01D898A805}.Release|Any CPU.Build.0 = Release|Any CPU
		{56AA866F-4A2D-4DC4-9783-20E7B25522D7}.Debug|Any CPU.ActiveCfg = Debug|Any CPU
		{56AA866F-4A2D-4DC4-9783-20E7B25522D7}.Debug|Any CPU.Build.0 = Debug|Any CPU
		{56AA866F-4A2D-4DC4-9783-20E7B25522D7}.Release|Any CPU.ActiveCfg = Release|Any CPU
		{56AA866F-4A2D-4DC4-9783-20E7B25522D7}.Release|Any CPU.Build.0 = Release|Any CPU
		{DB5AB272-D0AD-4189-9227-205AE28BD9B0}.Debug|Any CPU.ActiveCfg = Debug|Any CPU
		{DB5AB272-D0AD-4189-9227-205AE28BD9B0}.Debug|Any CPU.Build.0 = Debug|Any CPU
		{DB5AB272-D0AD-4189-9227-205AE28BD9B0}.Release|Any CPU.ActiveCfg = Release|Any CPU
		{DB5AB272-D0AD-4189-9227-205AE28BD9B0}.Release|Any CPU.Build.0 = Release|Any CPU
		{BF77CFCC-A9EE-4145-B5A2-890BA9408BE4}.Debug|Any CPU.ActiveCfg = Debug|Any CPU
		{BF77CFCC-A9EE-4145-B5A2-890BA9408BE4}.Debug|Any CPU.Build.0 = Debug|Any CPU
		{BF77CFCC-A9EE-4145-B5A2-890BA9408BE4}.Release|Any CPU.ActiveCfg = Release|Any CPU
		{BF77CFCC-A9EE-4145-B5A2-890BA9408BE4}.Release|Any CPU.Build.0 = Release|Any CPU
		{D3DE340F-AFD6-4E81-A2FF-2B6EC0E947DF}.Debug|Any CPU.ActiveCfg = Debug|Any CPU
		{D3DE340F-AFD6-4E81-A2FF-2B6EC0E947DF}.Debug|Any CPU.Build.0 = Debug|Any CPU
		{D3DE340F-AFD6-4E81-A2FF-2B6EC0E947DF}.Release|Any CPU.ActiveCfg = Release|Any CPU
		{D3DE340F-AFD6-4E81-A2FF-2B6EC0E947DF}.Release|Any CPU.Build.0 = Release|Any CPU
		{94FF3A61-9BDC-424C-AEB5-37218F122280}.Debug|Any CPU.ActiveCfg = Debug|Any CPU
		{94FF3A61-9BDC-424C-AEB5-37218F122280}.Debug|Any CPU.Build.0 = Debug|Any CPU
		{94FF3A61-9BDC-424C-AEB5-37218F122280}.Release|Any CPU.ActiveCfg = Release|Any CPU
		{94FF3A61-9BDC-424C-AEB5-37218F122280}.Release|Any CPU.Build.0 = Release|Any CPU
		{02AF4C80-6B19-42ED-A1BF-BC3C8B5F5B45}.Debug|Any CPU.ActiveCfg = Debug|Any CPU
		{02AF4C80-6B19-42ED-A1BF-BC3C8B5F5B45}.Debug|Any CPU.Build.0 = Debug|Any CPU
		{02AF4C80-6B19-42ED-A1BF-BC3C8B5F5B45}.Release|Any CPU.ActiveCfg = Release|Any CPU
		{02AF4C80-6B19-42ED-A1BF-BC3C8B5F5B45}.Release|Any CPU.Build.0 = Release|Any CPU
		{E0D893BD-FC3E-4B85-84E5-7F0EEA28C797}.Debug|Any CPU.ActiveCfg = Debug|Any CPU
		{E0D893BD-FC3E-4B85-84E5-7F0EEA28C797}.Debug|Any CPU.Build.0 = Debug|Any CPU
		{E0D893BD-FC3E-4B85-84E5-7F0EEA28C797}.Release|Any CPU.ActiveCfg = Release|Any CPU
		{E0D893BD-FC3E-4B85-84E5-7F0EEA28C797}.Release|Any CPU.Build.0 = Release|Any CPU
		{0792ED13-5EC2-4A46-A9CA-29952515358E}.Debug|Any CPU.ActiveCfg = Debug|Any CPU
		{0792ED13-5EC2-4A46-A9CA-29952515358E}.Debug|Any CPU.Build.0 = Debug|Any CPU
		{0792ED13-5EC2-4A46-A9CA-29952515358E}.Release|Any CPU.ActiveCfg = Release|Any CPU
		{0792ED13-5EC2-4A46-A9CA-29952515358E}.Release|Any CPU.Build.0 = Release|Any CPU
	EndGlobalSection
	GlobalSection(SolutionProperties) = preSolution
		HideSolutionNode = FALSE
	EndGlobalSection
	GlobalSection(NestedProjects) = preSolution
		{5D6BC9F1-A566-451A-84B5-D300CE6EF966} = {71EEC43A-3296-4A7B-9E5A-711BDB7B3DCF}
		{57E46F07-CFB7-4301-AE0D-655043E90D35} = {5D6BC9F1-A566-451A-84B5-D300CE6EF966}
		{966D8AA9-9585-4A2A-BA01-67D17172385B} = {625C08B0-3271-46C1-98B2-A673BCB23D7A}
		{BE488269-8507-4B95-98A4-BC9B0A4783CD} = {71EEC43A-3296-4A7B-9E5A-711BDB7B3DCF}
		{961C4B24-4462-43CD-B57D-DB9831F12825} = {BE488269-8507-4B95-98A4-BC9B0A4783CD}
		{DB90D650-34D0-42E6-B93C-35633DA05D0B} = {71EEC43A-3296-4A7B-9E5A-711BDB7B3DCF}
		{5C6218B1-EB33-4ECE-84E2-34B4476780C8} = {DB90D650-34D0-42E6-B93C-35633DA05D0B}
		{F26AA137-3DC7-41F0-A475-DBE5C625E573} = {71EEC43A-3296-4A7B-9E5A-711BDB7B3DCF}
		{540A38AD-EB8A-48C7-AB18-DD01D898A805} = {F26AA137-3DC7-41F0-A475-DBE5C625E573}
		{56AA866F-4A2D-4DC4-9783-20E7B25522D7} = {48914AD2-3CB5-4E30-94DB-0F8FC7E02D18}
		{DD4BA519-644A-4B5E-89A8-2C6BB78C7CC1} = {71EEC43A-3296-4A7B-9E5A-711BDB7B3DCF}
		{DB5AB272-D0AD-4189-9227-205AE28BD9B0} = {DD4BA519-644A-4B5E-89A8-2C6BB78C7CC1}
		{BF77CFCC-A9EE-4145-B5A2-890BA9408BE4} = {DD4BA519-644A-4B5E-89A8-2C6BB78C7CC1}
		{D3DE340F-AFD6-4E81-A2FF-2B6EC0E947DF} = {DD4BA519-644A-4B5E-89A8-2C6BB78C7CC1}
		{94FF3A61-9BDC-424C-AEB5-37218F122280} = {DD4BA519-644A-4B5E-89A8-2C6BB78C7CC1}
		{62A19C97-8C38-46A2-A1A1-72A6EC8D14DF} = {71EEC43A-3296-4A7B-9E5A-711BDB7B3DCF}
		{02AF4C80-6B19-42ED-A1BF-BC3C8B5F5B45} = {62A19C97-8C38-46A2-A1A1-72A6EC8D14DF}
		{E0D893BD-FC3E-4B85-84E5-7F0EEA28C797} = {9238A56E-5E20-47D5-B0BF-6CC468E1047F}
		{0792ED13-5EC2-4A46-A9CA-29952515358E} = {287155D3-2868-43AF-B257-6322E61774E1}
	EndGlobalSection
	GlobalSection(ExtensibilityGlobals) = postSolution
		SolutionGuid = {3F259A56-8ECA-4D1E-A491-73D01D5AA670}
	EndGlobalSection
EndGlobal
